
Microsoft Visual Studio Solution File, Format Version 12.00
# Visual Studio Version 17
VisualStudioVersion = 17.4.33122.133
MinimumVisualStudioVersion = 10.0.40219.1
Project("{FAE04EC0-301F-11D3-BF4B-00C04F79EFBC}") = "Itau.Challenge", "Itau.Challenge\Itau.Challenge.csproj", "{BDE22B76-F26D-473F-B095-FB5B73BE9897}"
EndProject
Global
	GlobalSection(SolutionConfigurationPlatforms) = preSolution
		Debug|Any CPU = Debug|Any CPU
		Release|Any CPU = Release|Any CPU
	EndGlobalSection
	GlobalSection(ProjectConfigurationPlatforms) = postSolution
		{BDE22B76-F26D-473F-B095-FB5B73BE9897}.Debug|Any CPU.ActiveCfg = Debug|Any CPU
		{BDE22B76-F26D-473F-B095-FB5B73BE9897}.Debug|Any CPU.Build.0 = Debug|Any CPU
		{BDE22B76-F26D-473F-B095-FB5B73BE9897}.Release|Any CPU.ActiveCfg = Release|Any CPU
		{BDE22B76-F26D-473F-B095-FB5B73BE9897}.Release|Any CPU.Build.0 = Release|Any CPU
	EndGlobalSection
	GlobalSection(SolutionProperties) = preSolution
		HideSolutionNode = FALSE
	EndGlobalSection
	GlobalSection(ExtensibilityGlobals) = postSolution
		SolutionGuid = {F3B1D604-9772-4728-B388-9028D31BAAD1}
	EndGlobalSection
EndGlobal
